
Microsoft Visual Studio Solution File, Format Version 12.00
# Visual Studio Version 17
VisualStudioVersion = 17.0.31903.59
MinimumVisualStudioVersion = 10.0.40219.1
Project("{FAE04EC0-301F-11D3-BF4B-00C04F79EFBC}") = "DrasticAI", "DrasticAI\DrasticAI.csproj", "{56A4079C-2486-4309-9088-4E5FFD45F356}"
EndProject
Project("{FAE04EC0-301F-11D3-BF4B-00C04F79EFBC}") = "LlamaCppLib", "..\external\LlamaCppNet\LlamaCppLib\LlamaCppLib.csproj", "{FB55C556-FEF8-43BB-AF49-390C8841D1E0}"
EndProject
Project("{FAE04EC0-301F-11D3-BF4B-00C04F79EFBC}") = "PhiExplorerCli", "PhiExplorerCli\PhiExplorerCli.csproj", "{5D40DA99-CFB1-4131-8597-0AFCF92E28B2}"
EndProject
Project("{FAE04EC0-301F-11D3-BF4B-00C04F79EFBC}") = "WhisperCppLib", "..\external\WhisperCppLib\src\WhisperCppLib\WhisperCppLib.csproj", "{93B2674D-608A-477E-AB00-C8EDD30F28A6}"
EndProject
Project("{FAE04EC0-301F-11D3-BF4B-00C04F79EFBC}") = "PodcastSummary", "PodcastSummary\PodcastSummary.csproj", "{82E057DB-C4BE-4CD7-85EB-2DA75580952D}"
EndProject
Global
	GlobalSection(SolutionConfigurationPlatforms) = preSolution
		Debug|Any CPU = Debug|Any CPU
		Release|Any CPU = Release|Any CPU
	EndGlobalSection
	GlobalSection(SolutionProperties) = preSolution
		HideSolutionNode = FALSE
	EndGlobalSection
	GlobalSection(ProjectConfigurationPlatforms) = postSolution
		{56A4079C-2486-4309-9088-4E5FFD45F356}.Debug|Any CPU.ActiveCfg = Debug|Any CPU
		{56A4079C-2486-4309-9088-4E5FFD45F356}.Debug|Any CPU.Build.0 = Debug|Any CPU
		{56A4079C-2486-4309-9088-4E5FFD45F356}.Release|Any CPU.ActiveCfg = Release|Any CPU
		{56A4079C-2486-4309-9088-4E5FFD45F356}.Release|Any CPU.Build.0 = Release|Any CPU
		{FB55C556-FEF8-43BB-AF49-390C8841D1E0}.Debug|Any CPU.ActiveCfg = Debug|Any CPU
		{FB55C556-FEF8-43BB-AF49-390C8841D1E0}.Debug|Any CPU.Build.0 = Debug|Any CPU
		{FB55C556-FEF8-43BB-AF49-390C8841D1E0}.Release|Any CPU.ActiveCfg = Release|Any CPU
		{FB55C556-FEF8-43BB-AF49-390C8841D1E0}.Release|Any CPU.Build.0 = Release|Any CPU
		{5D40DA99-CFB1-4131-8597-0AFCF92E28B2}.Debug|Any CPU.ActiveCfg = Debug|Any CPU
		{5D40DA99-CFB1-4131-8597-0AFCF92E28B2}.Debug|Any CPU.Build.0 = Debug|Any CPU
		{5D40DA99-CFB1-4131-8597-0AFCF92E28B2}.Release|Any CPU.ActiveCfg = Release|Any CPU
		{5D40DA99-CFB1-4131-8597-0AFCF92E28B2}.Release|Any CPU.Build.0 = Release|Any CPU
		{93B2674D-608A-477E-AB00-C8EDD30F28A6}.Debug|Any CPU.ActiveCfg = Debug|Any CPU
		{93B2674D-608A-477E-AB00-C8EDD30F28A6}.Debug|Any CPU.Build.0 = Debug|Any CPU
		{93B2674D-608A-477E-AB00-C8EDD30F28A6}.Release|Any CPU.ActiveCfg = Release|Any CPU
		{93B2674D-608A-477E-AB00-C8EDD30F28A6}.Release|Any CPU.Build.0 = Release|Any CPU
		{82E057DB-C4BE-4CD7-85EB-2DA75580952D}.Debug|Any CPU.ActiveCfg = Debug|Any CPU
		{82E057DB-C4BE-4CD7-85EB-2DA75580952D}.Debug|Any CPU.Build.0 = Debug|Any CPU
		{82E057DB-C4BE-4CD7-85EB-2DA75580952D}.Release|Any CPU.ActiveCfg = Release|Any CPU
		{82E057DB-C4BE-4CD7-85EB-2DA75580952D}.Release|Any CPU.Build.0 = Release|Any CPU
	EndGlobalSection
EndGlobal
